
Microsoft Visual Studio Solution File, Format Version 12.00
# Visual Studio 2015
Project("{FAE04EC0-301F-11D3-BF4B-00C04F79EFBC}") = "2D_Platformer.CSharp", "2D_Platformer.CSharp.csproj", "{45B3B7DC-C2FA-D0EE-5F1C-BDDBA7AFA16F}"
EndProject
Project("{FAE04EC0-301F-11D3-BF4B-00C04F79EFBC}") = "2D_Platformer.CSharp.Editor", "2D_Platformer.CSharp.Editor.csproj", "{D829D98A-4BCD-B153-6883-DBA5031167BF}"
EndProject
Global
	GlobalSection(SolutionConfigurationPlatforms) = preSolution
		Debug|Any CPU = Debug|Any CPU
		Release|Any CPU = Release|Any CPU
	EndGlobalSection
	GlobalSection(ProjectConfigurationPlatforms) = postSolution
		{45B3B7DC-C2FA-D0EE-5F1C-BDDBA7AFA16F}.Debug|Any CPU.ActiveCfg = Debug|Any CPU
		{45B3B7DC-C2FA-D0EE-5F1C-BDDBA7AFA16F}.Debug|Any CPU.Build.0 = Debug|Any CPU
		{45B3B7DC-C2FA-D0EE-5F1C-BDDBA7AFA16F}.Release|Any CPU.ActiveCfg = Release|Any CPU
		{45B3B7DC-C2FA-D0EE-5F1C-BDDBA7AFA16F}.Release|Any CPU.Build.0 = Release|Any CPU
		{D829D98A-4BCD-B153-6883-DBA5031167BF}.Debug|Any CPU.ActiveCfg = Debug|Any CPU
		{D829D98A-4BCD-B153-6883-DBA5031167BF}.Debug|Any CPU.Build.0 = Debug|Any CPU
		{D829D98A-4BCD-B153-6883-DBA5031167BF}.Release|Any CPU.ActiveCfg = Release|Any CPU
		{D829D98A-4BCD-B153-6883-DBA5031167BF}.Release|Any CPU.Build.0 = Release|Any CPU
	EndGlobalSection
	GlobalSection(SolutionProperties) = preSolution
		HideSolutionNode = FALSE
	EndGlobalSection
EndGlobal
